<Solution>
  <Folder Name="/Libraries/">
    <Project Path="ArcheCore.Dev/ArcheCore.Dev.csproj" />
    <Project Path="ArcheCore.Net/ArcheCore.Net.csproj" />
  </Folder>
  <Folder Name="/Servers/">
    <Project Path="ArcheCore.Masterserver/ArcheCore.Masterserver.csproj" />
    <Project Path="ArcheCore.Worldserver/ArcheCore.Worldserver.csproj" />
  </Folder>
</Solution>
